
Microsoft Visual Studio Solution File, Format Version 12.00
# Visual Studio Version 17
VisualStudioVersion = 17.6.33829.357
MinimumVisualStudioVersion = 10.0.40219.1
Project("{F184B08F-C81C-45F6-A57F-5ABD9991F28F}") = "Firmware and Keys Installer", "Firmware and Keys Installer.vbproj", "{66BABEA3-9191-4EBB-84D8-2DE7F29C1CD0}"
EndProject
Global
	GlobalSection(SolutionConfigurationPlatforms) = preSolution
		Debug|Any CPU = Debug|Any CPU
		Release|Any CPU = Release|Any CPU
	EndGlobalSection
	GlobalSection(ProjectConfigurationPlatforms) = postSolution
		{66BABEA3-9191-4EBB-84D8-2DE7F29C1CD0}.Debug|Any CPU.ActiveCfg = Debug|Any CPU
		{66BABEA3-9191-4EBB-84D8-2DE7F29C1CD0}.Debug|Any CPU.Build.0 = Debug|Any CPU
		{66BABEA3-9191-4EBB-84D8-2DE7F29C1CD0}.Release|Any CPU.ActiveCfg = Release|Any CPU
		{66BABEA3-9191-4EBB-84D8-2DE7F29C1CD0}.Release|Any CPU.Build.0 = Release|Any CPU
	EndGlobalSection
	GlobalSection(SolutionProperties) = preSolution
		HideSolutionNode = FALSE
	EndGlobalSection
	GlobalSection(ExtensibilityGlobals) = postSolution
		SolutionGuid = {31771C01-C46B-4552-B2AA-F6563DAF9D7F}
	EndGlobalSection
EndGlobal
